---
lockfileVersion: '9.0'

importers:

  .:
    configDependencies: {}
    packageManagerDependencies:
      pnpm:
        specifier: 12.9.1
        version: 12.9.1

packages:

  '@pnpm/exe.android-arm64@12.9.1':
    resolution: {integrity: sha512-Hgm1XdqMTfBC8PdGLL+NjZWv4xyi7D6XNrN9fb24XGYlyTBmUtdCefKnCLmHujShRD8BEO1zqM30SNcKBDLysw==}
    cpu: [arm64]
    os: [android]

  '@pnpm/exe.android-x64@12.9.1':
    resolution: {integrity: sha512-WDGCe6jZRVZP3RC/q6hOkZylkPkIQIi1/GcrR/d/YzbihhAHXCczrk+UYnV5TgbsEnAYO7Cx+2rX3nfhHvy24w==}
    cpu: [x64]
    os: [android]

  '@pnpm/exe.darwin-arm64@12.9.1':
    resolution: {integrity: sha512-+7iiEEBgYN9szPWUnAuN6eOVMTI6Hrki5bcuC9n9xl9tTnT53Tpxpo45Hml+W4IrAU0d+Tmd0sPnVIbX59PD6w==}
    cpu: [arm64]
    os: [darwin]

  '@pnpm/exe.darwin-x64@12.9.1':
    resolution: {integrity: sha512-SK7TxJiR12GbJZGffRFHItkc+Mx+99v6xMMJ9/X//8NwWV1wo17a2bwfGI8qZpl17YwsrmPEFOOqhzE1GIlrtQ==}
    cpu: [x64]
    os: [darwin]

  '@pnpm/exe.freebsd-x64@12.9.1':
    resolution: {integrity: sha512-4AjLk6uvTs2iO6wMit2hcxJ2M32xb7OV5SNFk+w6G8/NzcjcMB7ENEpyeXyLiP0kcnp8uaCGUct2NfrLCJ35eQ==}
    cpu: [x64]
    os: [freebsd]

  '@pnpm/exe.linux-arm64-musl@12.9.1':
    resolution: {integrity: sha512-dZL2ES1ckDWM9v+EtxoOklZ0WNdtayooi9iLiDUubopudX3zXPNR2mlrxBRgjbDgECOndQen2SmyxL5eZiBuKw==}
    cpu: [arm64]
    os: [linux]
    libc: [musl]

  '@pnpm/exe.linux-arm64@12.9.1':
    resolution: {integrity: sha512-cx+uF6xqwEtm7B8NV+1ve0xBg9gcuzQZ5R+0WgOWvKG/h978UljS6BgWs1ipIGuGgUdeVhm3PKmBltXIcczLXA==}
    cpu: [arm64]
    os: [linux]
    libc: [glibc]

  '@pnpm/exe.linux-ppc64@12.9.1':
    resolution: {integrity: sha512-MpjPsy4XR17zAtLziQZfsN+wveWa/bUJggZtwfo3+SuyRmXnSvVkFD4+v8/3RTWyYaM6mwLUTjZDJ+g3urL+ew==}
    cpu: [ppc64]
    os: [linux]
    libc: [glibc]

  '@pnpm/exe.linux-riscv64@12.9.1':
    resolution: {integrity: sha512-Oo67TKqqH+Bno+L6X7Xyorwp1QG82zKIkL0vbo1x2kcPTDiyPbdM+d6lIs4+hzeB1KHT5FDoGzZj2dad7Ft+eg==}
    cpu: [riscv64]
    os: [linux]
    libc: [glibc]

  '@pnpm/exe.linux-s390x@12.9.1':
    resolution: {integrity: sha512-QAD5FRCdW36HfD58BV7DoDm6z8yv+GgSqcUV1+ERwYjpVQuG6ZTpf5o0x3KDas8eTLIW7MLYVdDdlAurWeArEg==}
    cpu: [s390x]
    os: [linux]
    libc: [glibc]

  '@pnpm/exe.linux-x64-musl@12.9.1':
    resolution: {integrity: sha512-mQDhBsGqcTkrLQM4q5igmRFcr6EAl4UM/FGawY+0CWGcqPpUmYUvDy9LHy80xxkHIWVJ886gvvso2XOjfav1Jw==}
    cpu: [x64]
    os: [linux]
    libc: [musl]

  '@pnpm/exe.linux-x64@12.9.1':
    resolution: {integrity: sha512-+M5N74hM4fc87AAckxx/UIW+dUnWf2eko+HchJs/NZUxehLhekNyMI/GNaNXlvd+kWR+97XXBD51XRkkNiUtrA==}
    cpu: [x64]
    os: [linux]
    libc: [glibc]

  '@pnpm/exe.win32-arm64@12.9.1':
    resolution: {integrity: sha512-mI28C2wxobrDi6x1OYhBRyG10hnDq/4sEIyy5RzoX6LB4kLuv6K/d25HOpMwlW20cuM4M72k9NZpOdcmUxMbEA==}
    cpu: [arm64]
    os: [win32]

  '@pnpm/exe.win32-x64@12.9.1':
    resolution: {integrity: sha512-SWoDMT0oD7NrDSIoPpkKD09D9fAQKNjwFZ3lezlCUhAfXxMv70zsfrNT2/P+GoCK2kefXF9OysUZkH1l5vvvfA==}
    cpu: [x64]
    os: [win32]

  pnpm@12.9.1:
    resolution: {integrity: sha512-BrBV//XNINwSeB3hc87TMQzglRvy7GICEaFgRdVETVyTpmMhB2TvKaZTphBFm6A2jw50+E2AxUcjz5Wq57wNbQ==}
    engines: {node: '>=18.*'}
    hasBin: true

snapshots:

  '@pnpm/exe.android-arm64@12.9.1':
    optional: true

  '@pnpm/exe.android-x64@12.9.1':
    optional: true

  '@pnpm/exe.darwin-arm64@12.9.1':
    optional: true

  '@pnpm/exe.darwin-x64@12.9.1':
    optional: true

  '@pnpm/exe.freebsd-x64@12.9.1':
    optional: true

  '@pnpm/exe.linux-arm64-musl@12.9.1':
    optional: true

  '@pnpm/exe.linux-arm64@12.9.1':
    optional: true

  '@pnpm/exe.linux-ppc64@12.9.1':
    optional: true

  '@pnpm/exe.linux-riscv64@12.9.1':
    optional: true

  '@pnpm/exe.linux-s390x@12.9.1':
    optional: true

  '@pnpm/exe.linux-x64-musl@12.9.1':
    optional: true

  '@pnpm/exe.linux-x64@12.9.1':
    optional: true

  '@pnpm/exe.win32-arm64@12.9.1':
    optional: true

  '@pnpm/exe.win32-x64@12.9.1':
    optional: true

  pnpm@12.9.1:
    optionalDependencies:
      '@pnpm/exe.android-arm64': 12.9.1
      '@pnpm/exe.android-x64': 12.9.1
      '@pnpm/exe.darwin-arm64': 12.9.1
      '@pnpm/exe.darwin-x64': 12.9.1
      '@pnpm/exe.freebsd-x64': 12.9.1
      '@pnpm/exe.linux-arm64': 12.9.1
      '@pnpm/exe.linux-arm64-musl': 12.9.1
      '@pnpm/exe.linux-ppc64': 12.9.1
      '@pnpm/exe.linux-riscv64': 12.9.1
      '@pnpm/exe.linux-s390x': 12.9.1
      '@pnpm/exe.linux-x64': 12.9.1
      '@pnpm/exe.linux-x64-musl': 12.9.1
      '@pnpm/exe.win32-arm64': 12.9.1
      '@pnpm/exe.win32-x64': 12.9.1

---
lockfileVersion: '9.0'

settings:
  autoInstallPeers: true
  excludeLinksFromLockfile: false

importers:

  .:
    dependencies:
      '@actions/core':
        specifier: ^3.0.1
        version: 3.0.1
      yaml:
        specifier: ^2.9.0
        version: 2.9.0
      zod:
        specifier: 4.4.3
        version: 4.4.3
    devDependencies:
      '@types/node':
        specifier: ^24.12.4
        version: 24.12.4
      '@vercel/ncc':
        specifier: ^0.38.4
        version: 0.38.4
      typescript:
        specifier: ^6.0.3
        version: 6.0.3

packages:

  '@actions/core@3.0.1':
    resolution: {integrity: sha512-a6d/Nwahm9fliVGRhdhofo40HjHQasUPusmc7vBfyky+7Z+P2A1J68zyFVaNcEclc/Se+eO595oAr5nwEIoIUA==}

  '@actions/exec@3.0.0':
    resolution: {integrity: sha512-6xH/puSoNBXb72VPlZVm7vQ+svQpFyA96qdDBvhB8eNZOE8LtPf9L4oAsfzK/crCL8YZ+19fKYVnM63Sl+Xzlw==}

  '@actions/http-client@4.0.0':
    resolution: {integrity: sha512-QuwPsgVMsD6qaPD57GLZi9sqzAZCtiJT8kVBCDpLtxhL5MydQ4gS+DrejtZZPdIYyB1e95uCK9Luyds7ybHI3g==}

  '@actions/io@3.0.2':
    resolution: {integrity: sha512-nRBchcMM+QK1pdjO7/idu86rbJI5YHUKCvKs0KxnSYbVe3F51UfGxuZX4Qy/fWlp6l7gWFwIkrOzN+oUK03kfw==}

  '@types/node@24.12.4':
    resolution: {integrity: sha512-GUUEShf+PBCGW2KaXwcIt3Yk+e3pkKwWKb9GSyM9WQVE+ep2jzmHdGsHzu4wgcZy5fN9FBdVzjpBQsYlpfpgLA==}

  '@vercel/ncc@0.38.4':
    resolution: {integrity: sha512-8LwjnlP39s08C08J5NstzriPvW1SP8Zfpp1BvC2sI35kPeZnHfxVkCwu4/+Wodgnd60UtT1n8K8zw+Mp7J9JmQ==}
    hasBin: true

  tunnel@0.0.6:
    resolution: {integrity: sha512-1h/Lnq9yajKY2PEbBadPXj3VxsDDu844OnaAo52UVmIzIvwwtBPIuNvkjuzBlTWpfJyUbG3ez0KSBibQkj4ojg==}
    engines: {node: '>=0.6.11 <=0.7.0 || >=0.7.3'}

  typescript@6.0.3:
    resolution: {integrity: sha512-y2TvuxSZPDyQakkFRPZHKFm+KKVqIisdg9/CZwm9ftvKXLP8NRWj38/ODjNbr43SsoXqNuAisEf1GdCxqWcdBw==}
    engines: {node: '>=14.17'}
    hasBin: true

  undici-types@7.16.0:
    resolution: {integrity: sha512-Zz+aZWSj8LE6zoxD+xrjh4VfkIG8Ya6LvYkZqtUQGJPZjYl53ypCaUwWqo7eI0x66KBGeRo+mlBEkMSeSZ38Nw==}

  undici@6.24.1:
    resolution: {integrity: sha512-sC+b0tB1whOCzbtlx20fx3WgCXwkW627p4EA9uM+/tNNPkSS+eSEld6pAs9nDv7WbY1UUljBMYPtu9BCOrCWKA==}
    engines: {node: '>=18.17'}

  yaml@2.9.0:
    resolution: {integrity: sha512-2AvhNX3mb8zd6Zy7INTtSpl1F15HW6Wnqj0srWlkKLcpYl/gMIMJiyuGq2KeI2YFxUPjdlB+3Lc10seMLtL4cA==}
    engines: {node: '>= 14.6'}
    hasBin: true

  zod@4.4.3:
    resolution: {integrity: sha512-ytENFjIJFl2UwYglde2jchW2Hwm4GJFLDiSXWdTrJQBIN9Fcyp7n4DhxJEiWNAJMV1/BqWfW/kkg71UDcHJyTQ==}

snapshots:

  '@actions/core@3.0.1':
    dependencies:
      '@actions/exec': 3.0.0
      '@actions/http-client': 4.0.0

  '@actions/exec@3.0.0':
    dependencies:
      '@actions/io': 3.0.2

  '@actions/http-client@4.0.0':
    dependencies:
      tunnel: 0.0.6
      undici: 6.24.1

  '@actions/io@3.0.2': {}

  '@types/node@24.12.4':
    dependencies:
      undici-types: 7.16.0

  '@vercel/ncc@0.38.4': {}

  tunnel@0.0.6: {}

  typescript@6.0.3: {}

  undici-types@7.16.0: {}

  undici@6.24.1: {}

  yaml@2.9.0: {}

  zod@4.4.3: {}
